
Microsoft Visual Studio Solution File, Format Version 12.00
# Visual Studio Version 17
VisualStudioVersion = 17.0.31903.59
MinimumVisualStudioVersion = 10.0.40219.1
Project("{2150E333-8FDC-42A3-9474-1A3956D46DE8}") = "src", "src", "{827E0CD3-B72D-47B6-A68D-7590B98EB39B}"
EndProject
Project("{FAE04EC0-301F-11D3-BF4B-00C04F79EFBC}") = "VoiceType.Core", "src\VoiceType.Core\VoiceType.Core.csproj", "{1DF181F9-93AB-4C06-B5E9-AB112E07E26C}"
EndProject
Project("{FAE04EC0-301F-11D3-BF4B-00C04F79EFBC}") = "VoiceType.Infrastructure", "src\VoiceType.Infrastructure\VoiceType.Infrastructure.csproj", "{2667D9FF-5DE6-47F3-AAE8-91E7D0514C8C}"
EndProject
Project("{FAE04EC0-301F-11D3-BF4B-00C04F79EFBC}") = "VoiceType.App", "src\VoiceType.App\VoiceType.App.csproj", "{CD6D0B21-C566-4BB9-BFCA-676FEC8CDFF3}"
EndProject
Project("{2150E333-8FDC-42A3-9474-1A3956D46DE8}") = "tools", "tools", "{07C2787E-EAC7-C090-1BA3-A61EC2A24D84}"
EndProject
Project("{FAE04EC0-301F-11D3-BF4B-00C04F79EFBC}") = "VoiceType.UiDriver", "tools\VoiceType.UiDriver\VoiceType.UiDriver.csproj", "{68E425FF-457A-4151-A0E7-7357C275362C}"
EndProject
Project("{2150E333-8FDC-42A3-9474-1A3956D46DE8}") = "tests", "tests", "{0AB3BF05-4346-4AA6-1389-037BE0695223}"
EndProject
Project("{FAE04EC0-301F-11D3-BF4B-00C04F79EFBC}") = "VoiceType.Infrastructure.Tests", "tests\VoiceType.Infrastructure.Tests\VoiceType.Infrastructure.Tests.csproj", "{94F7E9F0-63D3-472B-BC0F-76D752ADBFFD}"
EndProject
Project("{FAE04EC0-301F-11D3-BF4B-00C04F79EFBC}") = "VoiceType.TestTarget", "tools\VoiceType.TestTarget\VoiceType.TestTarget.csproj", "{73D76705-BE48-4278-A7C7-EC686A575DE0}"
EndProject
Global
	GlobalSection(SolutionConfigurationPlatforms) = preSolution
		Debug|Any CPU = Debug|Any CPU
		Debug|x64 = Debug|x64
		Debug|x86 = Debug|x86
		Release|Any CPU = Release|Any CPU
		Release|x64 = Release|x64
		Release|x86 = Release|x86
	EndGlobalSection
	GlobalSection(ProjectConfigurationPlatforms) = postSolution
		{1DF181F9-93AB-4C06-B5E9-AB112E07E26C}.Debug|Any CPU.ActiveCfg = Debug|Any CPU
		{1DF181F9-93AB-4C06-B5E9-AB112E07E26C}.Debug|Any CPU.Build.0 = Debug|Any CPU
		{1DF181F9-93AB-4C06-B5E9-AB112E07E26C}.Debug|x64.ActiveCfg = Debug|Any CPU
		{1DF181F9-93AB-4C06-B5E9-AB112E07E26C}.Debug|x64.Build.0 = Debug|Any CPU
		{1DF181F9-93AB-4C06-B5E9-AB112E07E26C}.Debug|x86.ActiveCfg = Debug|Any CPU
		{1DF181F9-93AB-4C06-B5E9-AB112E07E26C}.Debug|x86.Build.0 = Debug|Any CPU
		{1DF181F9-93AB-4C06-B5E9-AB112E07E26C}.Release|Any CPU.ActiveCfg = Release|Any CPU
		{1DF181F9-93AB-4C06-B5E9-AB112E07E26C}.Release|Any CPU.Build.0 = Release|Any CPU
		{1DF181F9-93AB-4C06-B5E9-AB112E07E26C}.Release|x64.ActiveCfg = Release|Any CPU
		{1DF181F9-93AB-4C06-B5E9-AB112E07E26C}.Release|x64.Build.0 = Release|Any CPU
		{1DF181F9-93AB-4C06-B5E9-AB112E07E26C}.Release|x86.ActiveCfg = Release|Any CPU
		{1DF181F9-93AB-4C06-B5E9-AB112E07E26C}.Release|x86.Build.0 = Release|Any CPU
		{2667D9FF-5DE6-47F3-AAE8-91E7D0514C8C}.Debug|Any CPU.ActiveCfg = Debug|Any CPU
		{2667D9FF-5DE6-47F3-AAE8-91E7D0514C8C}.Debug|Any CPU.Build.0 = Debug|Any CPU
		{2667D9FF-5DE6-47F3-AAE8-91E7D0514C8C}.Debug|x64.ActiveCfg = Debug|Any CPU
		{2667D9FF-5DE6-47F3-AAE8-91E7D0514C8C}.Debug|x64.Build.0 = Debug|Any CPU
		{2667D9FF-5DE6-47F3-AAE8-91E7D0514C8C}.Debug|x86.ActiveCfg = Debug|Any CPU
		{2667D9FF-5DE6-47F3-AAE8-91E7D0514C8C}.Debug|x86.Build.0 = Debug|Any CPU
		{2667D9FF-5DE6-47F3-AAE8-91E7D0514C8C}.Release|Any CPU.ActiveCfg = Release|Any CPU
		{2667D9FF-5DE6-47F3-AAE8-91E7D0514C8C}.Release|Any CPU.Build.0 = Release|Any CPU
		{2667D9FF-5DE6-47F3-AAE8-91E7D0514C8C}.Release|x64.ActiveCfg = Release|Any CPU
		{2667D9FF-5DE6-47F3-AAE8-91E7D0514C8C}.Release|x64.Build.0 = Release|Any CPU
		{2667D9FF-5DE6-47F3-AAE8-91E7D0514C8C}.Release|x86.ActiveCfg = Release|Any CPU
		{2667D9FF-5DE6-47F3-AAE8-91E7D0514C8C}.Release|x86.Build.0 = Release|Any CPU
		{CD6D0B21-C566-4BB9-BFCA-676FEC8CDFF3}.Debug|Any CPU.ActiveCfg = Debug|Any CPU
		{CD6D0B21-C566-4BB9-BFCA-676FEC8CDFF3}.Debug|Any CPU.Build.0 = Debug|Any CPU
		{CD6D0B21-C566-4BB9-BFCA-676FEC8CDFF3}.Debug|x64.ActiveCfg = Debug|Any CPU
		{CD6D0B21-C566-4BB9-BFCA-676FEC8CDFF3}.Debug|x64.Build.0 = Debug|Any CPU
		{CD6D0B21-C566-4BB9-BFCA-676FEC8CDFF3}.Debug|x86.ActiveCfg = Debug|Any CPU
		{CD6D0B21-C566-4BB9-BFCA-676FEC8CDFF3}.Debug|x86.Build.0 = Debug|Any CPU
		{CD6D0B21-C566-4BB9-BFCA-676FEC8CDFF3}.Release|Any CPU.ActiveCfg = Release|Any CPU
		{CD6D0B21-C566-4BB9-BFCA-676FEC8CDFF3}.Release|Any CPU.Build.0 = Release|Any CPU
		{CD6D0B21-C566-4BB9-BFCA-676FEC8CDFF3}.Release|x64.ActiveCfg = Release|Any CPU
		{CD6D0B21-C566-4BB9-BFCA-676FEC8CDFF3}.Release|x64.Build.0 = Release|Any CPU
		{CD6D0B21-C566-4BB9-BFCA-676FEC8CDFF3}.Release|x86.ActiveCfg = Release|Any CPU
		{CD6D0B21-C566-4BB9-BFCA-676FEC8CDFF3}.Release|x86.Build.0 = Release|Any CPU
		{68E425FF-457A-4151-A0E7-7357C275362C}.Debug|Any CPU.ActiveCfg = Debug|Any CPU
		{68E425FF-457A-4151-A0E7-7357C275362C}.Debug|Any CPU.Build.0 = Debug|Any CPU
		{68E425FF-457A-4151-A0E7-7357C275362C}.Debug|x64.ActiveCfg = Debug|Any CPU
		{68E425FF-457A-4151-A0E7-7357C275362C}.Debug|x64.Build.0 = Debug|Any CPU
		{68E425FF-457A-4151-A0E7-7357C275362C}.Debug|x86.ActiveCfg = Debug|Any CPU
		{68E425FF-457A-4151-A0E7-7357C275362C}.Debug|x86.Build.0 = Debug|Any CPU
		{68E425FF-457A-4151-A0E7-7357C275362C}.Release|Any CPU.ActiveCfg = Release|Any CPU
		{68E425FF-457A-4151-A0E7-7357C275362C}.Release|Any CPU.Build.0 = Release|Any CPU
		{68E425FF-457A-4151-A0E7-7357C275362C}.Release|x64.ActiveCfg = Release|Any CPU
		{68E425FF-457A-4151-A0E7-7357C275362C}.Release|x64.Build.0 = Release|Any CPU
		{68E425FF-457A-4151-A0E7-7357C275362C}.Release|x86.ActiveCfg = Release|Any CPU
		{68E425FF-457A-4151-A0E7-7357C275362C}.Release|x86.Build.0 = Release|Any CPU
		{94F7E9F0-63D3-472B-BC0F-76D752ADBFFD}.Debug|Any CPU.ActiveCfg = Debug|Any CPU
		{94F7E9F0-63D3-472B-BC0F-76D752ADBFFD}.Debug|Any CPU.Build.0 = Debug|Any CPU
		{94F7E9F0-63D3-472B-BC0F-76D752ADBFFD}.Debug|x64.ActiveCfg = Debug|Any CPU
		{94F7E9F0-63D3-472B-BC0F-76D752ADBFFD}.Debug|x64.Build.0 = Debug|Any CPU
		{94F7E9F0-63D3-472B-BC0F-76D752ADBFFD}.Debug|x86.ActiveCfg = Debug|Any CPU
		{94F7E9F0-63D3-472B-BC0F-76D752ADBFFD}.Debug|x86.Build.0 = Debug|Any CPU
		{94F7E9F0-63D3-472B-BC0F-76D752ADBFFD}.Release|Any CPU.ActiveCfg = Release|Any CPU
		{94F7E9F0-63D3-472B-BC0F-76D752ADBFFD}.Release|Any CPU.Build.0 = Release|Any CPU
		{94F7E9F0-63D3-472B-BC0F-76D752ADBFFD}.Release|x64.ActiveCfg = Release|Any CPU
		{94F7E9F0-63D3-472B-BC0F-76D752ADBFFD}.Release|x64.Build.0 = Release|Any CPU
		{94F7E9F0-63D3-472B-BC0F-76D752ADBFFD}.Release|x86.ActiveCfg = Release|Any CPU
		{94F7E9F0-63D3-472B-BC0F-76D752ADBFFD}.Release|x86.Build.0 = Release|Any CPU
		{73D76705-BE48-4278-A7C7-EC686A575DE0}.Debug|Any CPU.ActiveCfg = Debug|Any CPU
		{73D76705-BE48-4278-A7C7-EC686A575DE0}.Debug|Any CPU.Build.0 = Debug|Any CPU
		{73D76705-BE48-4278-A7C7-EC686A575DE0}.Debug|x64.ActiveCfg = Debug|Any CPU
		{73D76705-BE48-4278-A7C7-EC686A575DE0}.Debug|x64.Build.0 = Debug|Any CPU
		{73D76705-BE48-4278-A7C7-EC686A575DE0}.Debug|x86.ActiveCfg = Debug|Any CPU
		{73D76705-BE48-4278-A7C7-EC686A575DE0}.Debug|x86.Build.0 = Debug|Any CPU
		{73D76705-BE48-4278-A7C7-EC686A575DE0}.Release|Any CPU.ActiveCfg = Release|Any CPU
		{73D76705-BE48-4278-A7C7-EC686A575DE0}.Release|Any CPU.Build.0 = Release|Any CPU
		{73D76705-BE48-4278-A7C7-EC686A575DE0}.Release|x64.ActiveCfg = Release|Any CPU
		{73D76705-BE48-4278-A7C7-EC686A575DE0}.Release|x64.Build.0 = Release|Any CPU
		{73D76705-BE48-4278-A7C7-EC686A575DE0}.Release|x86.ActiveCfg = Release|Any CPU
		{73D76705-BE48-4278-A7C7-EC686A575DE0}.Release|x86.Build.0 = Release|Any CPU
	EndGlobalSection
	GlobalSection(SolutionProperties) = preSolution
		HideSolutionNode = FALSE
	EndGlobalSection
	GlobalSection(NestedProjects) = preSolution
		{1DF181F9-93AB-4C06-B5E9-AB112E07E26C} = {827E0CD3-B72D-47B6-A68D-7590B98EB39B}
		{2667D9FF-5DE6-47F3-AAE8-91E7D0514C8C} = {827E0CD3-B72D-47B6-A68D-7590B98EB39B}
		{CD6D0B21-C566-4BB9-BFCA-676FEC8CDFF3} = {827E0CD3-B72D-47B6-A68D-7590B98EB39B}
		{68E425FF-457A-4151-A0E7-7357C275362C} = {07C2787E-EAC7-C090-1BA3-A61EC2A24D84}
		{94F7E9F0-63D3-472B-BC0F-76D752ADBFFD} = {0AB3BF05-4346-4AA6-1389-037BE0695223}
		{73D76705-BE48-4278-A7C7-EC686A575DE0} = {07C2787E-EAC7-C090-1BA3-A61EC2A24D84}
	EndGlobalSection
EndGlobal
